
Microsoft Visual Studio Solution File, Format Version 12.00
Project("{FAE04EC0-301F-11D3-BF4B-00C04F79EFBC}") = "EcoSpider", "EcoSpider\EcoSpider.csproj", "{370AFDBC-690C-40AC-B571-076BD11C8350}"
EndProject
Project("{FAE04EC0-301F-11D3-BF4B-00C04F79EFBC}") = "EcoSpider.Client", "EcoSpider.Client\EcoSpider.Client.csproj", "{4556C951-3576-4425-BF7C-23A0EFC1ED25}"
EndProject
Global
	GlobalSection(SolutionConfigurationPlatforms) = preSolution
		Debug|Any CPU = Debug|Any CPU
		Release|Any CPU = Release|Any CPU
	EndGlobalSection
	GlobalSection(ProjectConfigurationPlatforms) = postSolution
		{370AFDBC-690C-40AC-B571-076BD11C8350}.Debug|Any CPU.ActiveCfg = Debug|Any CPU
		{370AFDBC-690C-40AC-B571-076BD11C8350}.Debug|Any CPU.Build.0 = Debug|Any CPU
		{370AFDBC-690C-40AC-B571-076BD11C8350}.Release|Any CPU.ActiveCfg = Release|Any CPU
		{370AFDBC-690C-40AC-B571-076BD11C8350}.Release|Any CPU.Build.0 = Release|Any CPU
		{4556C951-3576-4425-BF7C-23A0EFC1ED25}.Debug|Any CPU.ActiveCfg = Debug|Any CPU
		{4556C951-3576-4425-BF7C-23A0EFC1ED25}.Debug|Any CPU.Build.0 = Debug|Any CPU
		{4556C951-3576-4425-BF7C-23A0EFC1ED25}.Release|Any CPU.ActiveCfg = Release|Any CPU
		{4556C951-3576-4425-BF7C-23A0EFC1ED25}.Release|Any CPU.Build.0 = Release|Any CPU
	EndGlobalSection
EndGlobal
